
Microsoft Visual Studio Solution File, Format Version 12.00
# Visual Studio 2012
Project("{8BC9CEB8-8B4A-11D0-8D11-00A0C91BC942}") = "Fibonacci_Series", "Fibonacci_Series\Fibonacci_Series.vcxproj", "{3AE1DAB2-9B20-4706-AE6D-1AC472C09029}"
EndProject
Global
	GlobalSection(SolutionConfigurationPlatforms) = preSolution
		Debug|Win32 = Debug|Win32
		Release|Win32 = Release|Win32
	EndGlobalSection
	GlobalSection(ProjectConfigurationPlatforms) = postSolution
		{3AE1DAB2-9B20-4706-AE6D-1AC472C09029}.Debug|Win32.ActiveCfg = Debug|Win32
		{3AE1DAB2-9B20-4706-AE6D-1AC472C09029}.Debug|Win32.Build.0 = Debug|Win32
		{3AE1DAB2-9B20-4706-AE6D-1AC472C09029}.Release|Win32.ActiveCfg = Release|Win32
		{3AE1DAB2-9B20-4706-AE6D-1AC472C09029}.Release|Win32.Build.0 = Release|Win32
	EndGlobalSection
	GlobalSection(SolutionProperties) = preSolution
		HideSolutionNode = FALSE
	EndGlobalSection
EndGlobal
