
Microsoft Visual Studio Solution File, Format Version 12.00
# Visual Studio 2012
Project("{8BC9CEB8-8B4A-11D0-8D11-00A0C91BC942}") = "PrimerNumOpt2", "..\PrimerNumOpt2\PrimerNumOpt2.vcxproj", "{FD298F8D-1564-492D-B1D2-D76D06A4FF5A}"
EndProject
Global
	GlobalSection(SolutionConfigurationPlatforms) = preSolution
		Debug|Win32 = Debug|Win32
		Release|Win32 = Release|Win32
	EndGlobalSection
	GlobalSection(ProjectConfigurationPlatforms) = postSolution
		{FD298F8D-1564-492D-B1D2-D76D06A4FF5A}.Debug|Win32.ActiveCfg = Debug|Win32
		{FD298F8D-1564-492D-B1D2-D76D06A4FF5A}.Debug|Win32.Build.0 = Debug|Win32
		{FD298F8D-1564-492D-B1D2-D76D06A4FF5A}.Release|Win32.ActiveCfg = Release|Win32
		{FD298F8D-1564-492D-B1D2-D76D06A4FF5A}.Release|Win32.Build.0 = Release|Win32
	EndGlobalSection
	GlobalSection(SolutionProperties) = preSolution
		HideSolutionNode = FALSE
	EndGlobalSection
EndGlobal
